
Microsoft Visual Studio Solution File, Format Version 12.00
# Visual Studio Version 17
VisualStudioVersion = 17.3.32929.385
MinimumVisualStudioVersion = 10.0.40219.1
Project("{9A19103F-16F7-4668-BE54-9A1E7A4F7556}") = "NetSalaryCalculator", "NetSalaryCalculator\NetSalaryCalculator.csproj", "{7D8487D6-5BD1-4C05-88FC-9258D86207B5}"
EndProject
Project("{9A19103F-16F7-4668-BE54-9A1E7A4F7556}") = "BusinessLogicLayer", "BusinessLogicLayer\BusinessLogicLayer.csproj", "{EBC2C18F-6C37-4AFF-B961-67DF7E7D766D}"
EndProject
Project("{9A19103F-16F7-4668-BE54-9A1E7A4F7556}") = "DataAccessLayer", "DataAccessLayer\DataAccessLayer.csproj", "{B0E7E757-2D16-4BE7-866F-F77C9F2E3A9B}"
EndProject
Project("{FAE04EC0-301F-11D3-BF4B-00C04F79EFBC}") = "CalculatorTests", "CalculatorTests\CalculatorTests.csproj", "{F794B87F-2271-4A34-A61E-7323A42B4EAE}"
EndProject
Global
	GlobalSection(SolutionConfigurationPlatforms) = preSolution
		Debug|Any CPU = Debug|Any CPU
		Release|Any CPU = Release|Any CPU
	EndGlobalSection
	GlobalSection(ProjectConfigurationPlatforms) = postSolution
		{7D8487D6-5BD1-4C05-88FC-9258D86207B5}.Debug|Any CPU.ActiveCfg = Debug|Any CPU
		{7D8487D6-5BD1-4C05-88FC-9258D86207B5}.Debug|Any CPU.Build.0 = Debug|Any CPU
		{7D8487D6-5BD1-4C05-88FC-9258D86207B5}.Release|Any CPU.ActiveCfg = Release|Any CPU
		{7D8487D6-5BD1-4C05-88FC-9258D86207B5}.Release|Any CPU.Build.0 = Release|Any CPU
		{EBC2C18F-6C37-4AFF-B961-67DF7E7D766D}.Debug|Any CPU.ActiveCfg = Debug|Any CPU
		{EBC2C18F-6C37-4AFF-B961-67DF7E7D766D}.Debug|Any CPU.Build.0 = Debug|Any CPU
		{EBC2C18F-6C37-4AFF-B961-67DF7E7D766D}.Release|Any CPU.ActiveCfg = Release|Any CPU
		{EBC2C18F-6C37-4AFF-B961-67DF7E7D766D}.Release|Any CPU.Build.0 = Release|Any CPU
		{B0E7E757-2D16-4BE7-866F-F77C9F2E3A9B}.Debug|Any CPU.ActiveCfg = Debug|Any CPU
		{B0E7E757-2D16-4BE7-866F-F77C9F2E3A9B}.Debug|Any CPU.Build.0 = Debug|Any CPU
		{B0E7E757-2D16-4BE7-866F-F77C9F2E3A9B}.Release|Any CPU.ActiveCfg = Release|Any CPU
		{B0E7E757-2D16-4BE7-866F-F77C9F2E3A9B}.Release|Any CPU.Build.0 = Release|Any CPU
		{F794B87F-2271-4A34-A61E-7323A42B4EAE}.Debug|Any CPU.ActiveCfg = Debug|Any CPU
		{F794B87F-2271-4A34-A61E-7323A42B4EAE}.Debug|Any CPU.Build.0 = Debug|Any CPU
		{F794B87F-2271-4A34-A61E-7323A42B4EAE}.Release|Any CPU.ActiveCfg = Release|Any CPU
		{F794B87F-2271-4A34-A61E-7323A42B4EAE}.Release|Any CPU.Build.0 = Release|Any CPU
	EndGlobalSection
	GlobalSection(SolutionProperties) = preSolution
		HideSolutionNode = FALSE
	EndGlobalSection
	GlobalSection(ExtensibilityGlobals) = postSolution
		SolutionGuid = {FE637B68-ADDD-45BD-8A99-9D8850E280BF}
	EndGlobalSection
EndGlobal
